
Microsoft Visual Studio Solution File, Format Version 12.00
# Visual Studio Version 16
VisualStudioVersion = 16.0.31515.178
MinimumVisualStudioVersion = 10.0.40219.1
Project("{8BC9CEB8-8B4A-11D0-8D11-00A0C91BC942}") = "Project1", "Project1\Project1.vcxproj", "{0533F69D-E38A-47B6-96C8-EBA1F0E9E968}"
EndProject
Project("{8BC9CEB8-8B4A-11D0-8D11-00A0C91BC942}") = "ProjectLibrary", "ProjectLibrary\ProjectLibrary.vcxproj", "{17C7B388-445E-4C08-AF31-8AD1879B12DE}"
EndProject
Global
	GlobalSection(SolutionConfigurationPlatforms) = preSolution
		Debug|x64 = Debug|x64
		Debug|x86 = Debug|x86
		Release|x64 = Release|x64
		Release|x86 = Release|x86
	EndGlobalSection
	GlobalSection(ProjectConfigurationPlatforms) = postSolution
		{0533F69D-E38A-47B6-96C8-EBA1F0E9E968}.Debug|x64.ActiveCfg = Debug|x64
		{0533F69D-E38A-47B6-96C8-EBA1F0E9E968}.Debug|x64.Build.0 = Debug|x64
		{0533F69D-E38A-47B6-96C8-EBA1F0E9E968}.Debug|x86.ActiveCfg = Debug|Win32
		{0533F69D-E38A-47B6-96C8-EBA1F0E9E968}.Debug|x86.Build.0 = Debug|Win32
		{0533F69D-E38A-47B6-96C8-EBA1F0E9E968}.Release|x64.ActiveCfg = Release|x64
		{0533F69D-E38A-47B6-96C8-EBA1F0E9E968}.Release|x64.Build.0 = Release|x64
		{0533F69D-E38A-47B6-96C8-EBA1F0E9E968}.Release|x86.ActiveCfg = Release|Win32
		{0533F69D-E38A-47B6-96C8-EBA1F0E9E968}.Release|x86.Build.0 = Release|Win32
		{17C7B388-445E-4C08-AF31-8AD1879B12DE}.Debug|x64.ActiveCfg = Debug|x64
		{17C7B388-445E-4C08-AF31-8AD1879B12DE}.Debug|x64.Build.0 = Debug|x64
		{17C7B388-445E-4C08-AF31-8AD1879B12DE}.Debug|x86.ActiveCfg = Debug|Win32
		{17C7B388-445E-4C08-AF31-8AD1879B12DE}.Debug|x86.Build.0 = Debug|Win32
		{17C7B388-445E-4C08-AF31-8AD1879B12DE}.Release|x64.ActiveCfg = Release|x64
		{17C7B388-445E-4C08-AF31-8AD1879B12DE}.Release|x64.Build.0 = Release|x64
		{17C7B388-445E-4C08-AF31-8AD1879B12DE}.Release|x86.ActiveCfg = Release|Win32
		{17C7B388-445E-4C08-AF31-8AD1879B12DE}.Release|x86.Build.0 = Release|Win32
	EndGlobalSection
	GlobalSection(SolutionProperties) = preSolution
		HideSolutionNode = FALSE
	EndGlobalSection
	GlobalSection(ExtensibilityGlobals) = postSolution
		SolutionGuid = {D058DEF5-3778-4DD0-BCCC-3CE25A5C36D3}
	EndGlobalSection
EndGlobal
